// !$*UTF8*$!
{
	archiveVersion = 1;
	classes = {
	};
	objectVersion = 46;
	objects = {

/* Begin PBXBuildFile section */
		24E3DD6A438B7B42B5A7948A /* libPods.a in Frameworks */ = {isa = PBXBuildFile; fileRef = 656347D718B6A9C7A7EB2D77 /* libPods.a */; };
		77FEE4041CC9C13D0079363C /* main.m in Sources */ = {isa = PBXBuildFile; fileRef = 77FEE4031CC9C13D0079363C /* main.m */; };
		77FEE4071CC9C13D0079363C /* AppDelegate.m in Sources */ = {isa = PBXBuildFile; fileRef = 77FEE4061CC9C13D0079363C /* AppDelegate.m */; };
		77FEE40A1CC9C13D0079363C /* ViewController.m in Sources */ = {isa = PBXBuildFile; fileRef = 77FEE4091CC9C13D0079363C /* ViewController.m */; };
		77FEE40D1CC9C13D0079363C /* Main.storyboard in Resources */ = {isa = PBXBuildFile; fileRef = 77FEE40B1CC9C13D0079363C /* Main.storyboard */; };
		77FEE40F1CC9C13D0079363C /* Assets.xcassets in Resources */ = {isa = PBXBuildFile; fileRef = 77FEE40E1CC9C13D0079363C /* Assets.xcassets */; };
		77FEE4121CC9C13D0079363C /* LaunchScreen.storyboard in Resources */ = {isa = PBXBuildFile; fileRef = 77FEE4101CC9C13D0079363C /* LaunchScreen.storyboard */; };
		77FEE41D1CC9C13E0079363C /* CircleBannerViewTests.m in Sources */ = {isa = PBXBuildFile; fileRef = 77FEE41C1CC9C13E0079363C /* CircleBannerViewTests.m */; };
		77FEE4291CC9C17B0079363C /* CircleBannerView.m in Sources */ = {isa = PBXBuildFile; fileRef = 77FEE4281CC9C17B0079363C /* CircleBannerView.m */; };
/* End PBXBuildFile section */

/* Begin PBXContainerItemProxy section */
		77FEE4191CC9C13E0079363C /* PBXContainerItemProxy */ = {
			isa = PBXContainerItemProxy;
			containerPortal = 77FEE3F71CC9C13D0079363C /* Project object */;
			proxyType = 1;
			remoteGlobalIDString = 77FEE3FE1CC9C13D0079363C;
			remoteInfo = CircleBannerView;
		};
/* End PBXContainerItemProxy section */

/* Begin PBXFileReference section */
		05261EB72D4496D4A836AC76 /* Pods.debug.xcconfig */ = {isa = PBXFileReference; includeInIndex = 1; lastKnownFileType = text.xcconfig; name = Pods.debug.xcconfig; path = "Pods/Target Support Files/Pods/Pods.debug.xcconfig"; sourceTree = "<group>"; };
		2B56D525556A5D23A285A39A /* Pods.release.xcconfig */ = {isa = PBXFileReference; includeInIndex = 1; lastKnownFileType = text.xcconfig; name = Pods.release.xcconfig; path = "Pods/Target Support Files/Pods/Pods.release.xcconfig"; sourceTree = "<group>"; };
		656347D718B6A9C7A7EB2D77 /* libPods.a */ = {isa = PBXFileReference; explicitFileType = archive.ar; includeInIndex = 0; path = libPods.a; sourceTree = BUILT_PRODUCTS_DIR; };
		77FEE3FF1CC9C13D0079363C /* CircleBannerView.app */ = {isa = PBXFileReference; explicitFileType = wrapper.application; includeInIndex = 0; path = CircleBannerView.app; sourceTree = BUILT_PRODUCTS_DIR; };
		77FEE4031CC9C13D0079363C /* main.m */ = {isa = PBXFileReference; lastKnownFileType = sourcecode.c.objc; path = main.m; sourceTree = "<group>"; };
		77FEE4051CC9C13D0079363C /* AppDelegate.h */ = {isa = PBXFileReference; lastKnownFileType = sourcecode.c.h; path = AppDelegate.h; sourceTree = "<group>"; };
		77FEE4061CC9C13D0079363C /* AppDelegate.m */ = {isa = PBXFileReference; lastKnownFileType = sourcecode.c.objc; path = AppDelegate.m; sourceTree = "<group>"; };
		77FEE4081CC9C13D0079363C /* ViewController.h */ = {isa = PBXFileReference; lastKnownFileType = sourcecode.c.h; path = ViewController.h; sourceTree = "<group>"; };
		77FEE4091CC9C13D0079363C /* ViewController.m */ = {isa = PBXFileReference; lastKnownFileType = sourcecode.c.objc; path = ViewController.m; sourceTree = "<group>"; };
		77FEE40C1CC9C13D0079363C /* Base */ = {isa = PBXFileReference; lastKnownFileType = file.storyboard; name = Base; path = Base.lproj/Main.storyboard; sourceTree = "<group>"; };
		77FEE40E1CC9C13D0079363C /* Assets.xcassets */ = {isa = PBXFileReference; lastKnownFileType = folder.assetcatalog; path = Assets.xcassets; sourceTree = "<group>"; };
		77FEE4111CC9C13D0079363C /* Base */ = {isa = PBXFileReference; lastKnownFileType = file.storyboard; name = Base; path = Base.lproj/LaunchScreen.storyboard; sourceTree = "<group>"; };
		77FEE4131CC9C13D0079363C /* Info.plist */ = {isa = PBXFileReference; lastKnownFileType = text.plist.xml; path = Info.plist; sourceTree = "<group>"; };
		77FEE4181CC9C13E0079363C /* CircleBannerViewTests.xctest */ = {isa = PBXFileReference; explicitFileType = wrapper.cfbundle; includeInIndex = 0; path = CircleBannerViewTests.xctest; sourceTree = BUILT_PRODUCTS_DIR; };
		77FEE41C1CC9C13E0079363C /* CircleBannerViewTests.m */ = {isa = PBXFileReference; lastKnownFileType = sourcecode.c.objc; path = CircleBannerViewTests.m; sourceTree = "<group>"; };
		77FEE41E1CC9C13E0079363C /* Info.plist */ = {isa = PBXFileReference; lastKnownFileType = text.plist.xml; path = Info.plist; sourceTree = "<group>"; };
		77FEE4271CC9C17B0079363C /* CircleBannerView.h */ = {isa = PBXFileReference; fileEncoding = 4; lastKnownFileType = sourcecode.c.h; path = CircleBannerView.h; sourceTree = "<group>"; };
		77FEE4281CC9C17B0079363C /* CircleBannerView.m */ = {isa = PBXFileReference; fileEncoding = 4; lastKnownFileType = sourcecode.c.objc; path = CircleBannerView.m; sourceTree = "<group>"; };
/* End PBXFileReference section */

/* Begin PBXFrameworksBuildPhase section */
		77FEE3FC1CC9C13D0079363C /* Frameworks */ = {
			isa = PBXFrameworksBuildPhase;
			buildActionMask = 2147483647;
			files = (
				24E3DD6A438B7B42B5A7948A /* libPods.a in Frameworks */,
			);
			runOnlyForDeploymentPostprocessing = 0;
		};
		77FEE4151CC9C13E0079363C /* Frameworks */ = {
			isa = PBXFrameworksBuildPhase;
			buildActionMask = 2147483647;
			files = (
			);
			runOnlyForDeploymentPostprocessing = 0;
		};
/* End PBXFrameworksBuildPhase section */

/* Begin PBXGroup section */
		27D6CC0580109ECAC1E297CB /* Pods */ = {
			isa = PBXGroup;
			children = (
				05261EB72D4496D4A836AC76 /* Pods.debug.xcconfig */,
				2B56D525556A5D23A285A39A /* Pods.release.xcconfig */,
			);
			name = Pods;
			sourceTree = "<group>";
		};
		77FEE3F61CC9C13D0079363C = {
			isa = PBXGroup;
			children = (
				77FEE4011CC9C13D0079363C /* CircleBannerView */,
				77FEE41B1CC9C13E0079363C /* CircleBannerViewTests */,
				77FEE4001CC9C13D0079363C /* Products */,
				27D6CC0580109ECAC1E297CB /* Pods */,
				BD18262ABBDD220EFEB568C3 /* Frameworks */,
			);
			sourceTree = "<group>";
		};
		77FEE4001CC9C13D0079363C /* Products */ = {
			isa = PBXGroup;
			children = (
				77FEE3FF1CC9C13D0079363C /* CircleBannerView.app */,
				77FEE4181CC9C13E0079363C /* CircleBannerViewTests.xctest */,
			);
			name = Products;
			sourceTree = "<group>";
		};
		77FEE4011CC9C13D0079363C /* CircleBannerView */ = {
			isa = PBXGroup;
			children = (
				77FEE4051CC9C13D0079363C /* AppDelegate.h */,
				77FEE4061CC9C13D0079363C /* AppDelegate.m */,
				77FEE4081CC9C13D0079363C /* ViewController.h */,
				77FEE4091CC9C13D0079363C /* ViewController.m */,
				77FEE4271CC9C17B0079363C /* CircleBannerView.h */,
				77FEE4281CC9C17B0079363C /* CircleBannerView.m */,
				77FEE40B1CC9C13D0079363C /* Main.storyboard */,
				77FEE40E1CC9C13D0079363C /* Assets.xcassets */,
				77FEE4101CC9C13D0079363C /* LaunchScreen.storyboard */,
				77FEE4131CC9C13D0079363C /* Info.plist */,
				77FEE4021CC9C13D0079363C /* Supporting Files */,
			);
			path = CircleBannerView;
			sourceTree = "<group>";
		};
		77FEE4021CC9C13D0079363C /* Supporting Files */ = {
			isa = PBXGroup;
			children = (
				77FEE4031CC9C13D0079363C /* main.m */,
			);
			name = "Supporting Files";
			sourceTree = "<group>";
		};
		77FEE41B1CC9C13E0079363C /* CircleBannerViewTests */ = {
			isa = PBXGroup;
			children = (
				77FEE41C1CC9C13E0079363C /* CircleBannerViewTests.m */,
				77FEE41E1CC9C13E0079363C /* Info.plist */,
			);
			path = CircleBannerViewTests;
			sourceTree = "<group>";
		};
		BD18262ABBDD220EFEB568C3 /* Frameworks */ = {
			isa = PBXGroup;
			children = (
				656347D718B6A9C7A7EB2D77 /* libPods.a */,
			);
			name = Frameworks;
			sourceTree = "<group>";
		};
/* End PBXGroup section */

/* Begin PBXNativeTarget section */
		77FEE3FE1CC9C13D0079363C /* CircleBannerView */ = {
			isa = PBXNativeTarget;
			buildConfigurationList = 77FEE4211CC9C13E0079363C /* Build configuration list for PBXNativeTarget "CircleBannerView" */;
			buildPhases = (
				41E2E129FF4D658EAEA3E672 /* Check Pods Manifest.lock */,
				77FEE3FB1CC9C13D0079363C /* Sources */,
				77FEE3FC1CC9C13D0079363C /* Frameworks */,
				77FEE3FD1CC9C13D0079363C /* Resources */,
				6ED65986EA263AF1CFC0D862 /* Embed Pods Frameworks */,
				12223A7F6E0AA0468BBCDFAC /* Copy Pods Resources */,
			);
			buildRules = (
			);
			dependencies = (
			);
			name = CircleBannerView;
			productName = CircleBannerView;
			productReference = 77FEE3FF1CC9C13D0079363C /* CircleBannerView.app */;
			productType = "com.apple.product-type.application";
		};
		77FEE4171CC9C13E0079363C /* CircleBannerViewTests */ = {
			isa = PBXNativeTarget;
			buildConfigurationList = 77FEE4241CC9C13E0079363C /* Build configuration list for PBXNativeTarget "CircleBannerViewTests" */;
			buildPhases = (
				77FEE4141CC9C13E0079363C /* Sources */,
				77FEE4151CC9C13E0079363C /* Frameworks */,
				77FEE4161CC9C13E0079363C /* Resources */,
			);
			buildRules = (
			);
			dependencies = (
				77FEE41A1CC9C13E0079363C /* PBXTargetDependency */,
			);
			name = CircleBannerViewTests;
			productName = CircleBannerViewTests;
			productReference = 77FEE4181CC9C13E0079363C /* CircleBannerViewTests.xctest */;
			productType = "com.apple.product-type.bundle.unit-test";
		};
/* End PBXNativeTarget section */

/* Begin PBXProject section */
		77FEE3F71CC9C13D0079363C /* Project object */ = {
			isa = PBXProject;
			attributes = {
				LastUpgradeCheck = 0730;
				ORGANIZATIONNAME = Ezreal;
				TargetAttributes = {
					77FEE3FE1CC9C13D0079363C = {
						CreatedOnToolsVersion = 7.3;
					};
					77FEE4171CC9C13E0079363C = {
						CreatedOnToolsVersion = 7.3;
						TestTargetID = 77FEE3FE1CC9C13D0079363C;
					};
				};
			};
			buildConfigurationList = 77FEE3FA1CC9C13D0079363C /* Build configuration list for PBXProject "CircleBannerView" */;
			compatibilityVersion = "Xcode 3.2";
			developmentRegion = English;
			hasScannedForEncodings = 0;
			knownRegions = (
				en,
				Base,
			);
			mainGroup = 77FEE3F61CC9C13D0079363C;
			productRefGroup = 77FEE4001CC9C13D0079363C /* Products */;
			projectDirPath = "";
			projectRoot = "";
			targets = (
				77FEE3FE1CC9C13D0079363C /* CircleBannerView */,
				77FEE4171CC9C13E0079363C /* CircleBannerViewTests */,
			);
		};
/* End PBXProject section */

/* Begin PBXResourcesBuildPhase section */
		77FEE3FD1CC9C13D0079363C /* Resources */ = {
			isa = PBXResourcesBuildPhase;
			buildActionMask = 2147483647;
			files = (
				77FEE4121CC9C13D0079363C /* LaunchScreen.storyboard in Resources */,
				77FEE40F1CC9C13D0079363C /* Assets.xcassets in Resources */,
				77FEE40D1CC9C13D0079363C /* Main.storyboard in Resources */,
			);
			runOnlyForDeploymentPostprocessing = 0;
		};
		77FEE4161CC9C13E0079363C /* Resources */ = {
			isa = PBXResourcesBuildPhase;
			buildActionMask = 2147483647;
			files = (
			);
			runOnlyForDeploymentPostprocessing = 0;
		};
/* End PBXResourcesBuildPhase section */

/* Begin PBXShellScriptBuildPhase section */
		12223A7F6E0AA0468BBCDFAC /* Copy Pods Resources */ = {
			isa = PBXShellScriptBuildPhase;
			buildActionMask = 2147483647;
			files = (
			);
			inputPaths = (
			);
			name = "Copy Pods Resources";
			outputPaths = (
			);
			runOnlyForDeploymentPostprocessing = 0;
			shellPath = /bin/sh;
			shellScript = "\"${SRCROOT}/Pods/Target Support Files/Pods/Pods-resources.sh\"\n";
			showEnvVarsInLog = 0;
		};
		41E2E129FF4D658EAEA3E672 /* Check Pods Manifest.lock */ = {
			isa = PBXShellScriptBuildPhase;
			buildActionMask = 2147483647;
			files = (
			);
			inputPaths = (
			);
			name = "Check Pods Manifest.lock";
			outputPaths = (
			);
			runOnlyForDeploymentPostprocessing = 0;
			shellPath = /bin/sh;
			shellScript = "diff \"${PODS_ROOT}/../Podfile.lock\" \"${PODS_ROOT}/Manifest.lock\" > /dev/null\nif [[ $? != 0 ]] ; then\n    cat << EOM\nerror: The sandbox is not in sync with the Podfile.lock. Run 'pod install' or update your CocoaPods installation.\nEOM\n    exit 1\nfi\n";
			showEnvVarsInLog = 0;
		};
		6ED65986EA263AF1CFC0D862 /* Embed Pods Frameworks */ = {
			isa = PBXShellScriptBuildPhase;
			buildActionMask = 2147483647;
			files = (
			);
			inputPaths = (
			);
			name = "Embed Pods Frameworks";
			outputPaths = (
			);
			runOnlyForDeploymentPostprocessing = 0;
			shellPath = /bin/sh;
			shellScript = "\"${SRCROOT}/Pods/Target Support Files/Pods/Pods-frameworks.sh\"\n";
			showEnvVarsInLog = 0;
		};
/* End PBXShellScriptBuildPhase section */

/* Begin PBXSourcesBuildPhase section */
		77FEE3FB1CC9C13D0079363C /* Sources */ = {
			isa = PBXSourcesBuildPhase;
			buildActionMask = 2147483647;
			files = (
				77FEE4291CC9C17B0079363C /* CircleBannerView.m in Sources */,
				77FEE40A1CC9C13D0079363C /* ViewController.m in Sources */,
				77FEE4071CC9C13D0079363C /* AppDelegate.m in Sources */,
				77FEE4041CC9C13D0079363C /* main.m in Sources */,
			);
			runOnlyForDeploymentPostprocessing = 0;
		};
		77FEE4141CC9C13E0079363C /* Sources */ = {
			isa = PBXSourcesBuildPhase;
			buildActionMask = 2147483647;
			files = (
				77FEE41D1CC9C13E0079363C /* CircleBannerViewTests.m in Sources */,
			);
			runOnlyForDeploymentPostprocessing = 0;
		};
/* End PBXSourcesBuildPhase section */

/* Begin PBXTargetDependency section */
		77FEE41A1CC9C13E0079363C /* PBXTargetDependency */ = {
			isa = PBXTargetDependency;
			target = 77FEE3FE1CC9C13D0079363C /* CircleBannerView */;
			targetProxy = 77FEE4191CC9C13E0079363C /* PBXContainerItemProxy */;
		};
/* End PBXTargetDependency section */

/* Begin PBXVariantGroup section */
		77FEE40B1CC9C13D0079363C /* Main.storyboard */ = {
			isa = PBXVariantGroup;
			children = (
				77FEE40C1CC9C13D0079363C /* Base */,
			);
			name = Main.storyboard;
			sourceTree = "<group>";
		};
		77FEE4101CC9C13D0079363C /* LaunchScreen.storyboard */ = {
			isa = PBXVariantGroup;
			children = (
				77FEE4111CC9C13D0079363C /* Base */,
			);
			name = LaunchScreen.storyboard;
			sourceTree = "<group>";
		};
/* End PBXVariantGroup section */

/* Begin XCBuildConfiguration section */
		77FEE41F1CC9C13E0079363C /* Debug */ = {
			isa = XCBuildConfiguration;
			buildSettings = {
				ALWAYS_SEARCH_USER_PATHS = NO;
				CLANG_ANALYZER_NONNULL = YES;
				CLANG_CXX_LANGUAGE_STANDARD = "gnu++0x";
				CLANG_CXX_LIBRARY = "libc++";
				CLANG_ENABLE_MODULES = YES;
				CLANG_ENABLE_OBJC_ARC = YES;
				CLANG_WARN_BOOL_CONVERSION = YES;
				CLANG_WARN_CONSTANT_CONVERSION = YES;
				CLANG_WARN_DIRECT_OBJC_ISA_USAGE = YES_ERROR;
				CLANG_WARN_EMPTY_BODY = YES;
				CLANG_WARN_ENUM_CONVERSION = YES;
				CLANG_WARN_INT_CONVERSION = YES;
				CLANG_WARN_OBJC_ROOT_CLASS = YES_ERROR;
				CLANG_WARN_UNREACHABLE_CODE = YES;
				CLANG_WARN__DUPLICATE_METHOD_MATCH = YES;
				"CODE_SIGN_IDENTITY[sdk=iphoneos*]" = "iPhone Developer";
				COPY_PHASE_STRIP = NO;
				DEBUG_INFORMATION_FORMAT = dwarf;
				ENABLE_STRICT_OBJC_MSGSEND = YES;
				ENABLE_TESTABILITY = YES;
				GCC_C_LANGUAGE_STANDARD = gnu99;
				GCC_DYNAMIC_NO_PIC = NO;
				GCC_NO_COMMON_BLOCKS = YES;
				GCC_OPTIMIZATION_LEVEL = 0;
				GCC_PREPROCESSOR_DEFINITIONS = (
					"DEBUG=1",
					"$(inherited)",
				);
				GCC_WARN_64_TO_32_BIT_CONVERSION = YES;
				GCC_WARN_ABOUT_RETURN_TYPE = YES_ERROR;
				GCC_WARN_UNDECLARED_SELECTOR = YES;
				GCC_WARN_UNINITIALIZED_AUTOS = YES_AGGRESSIVE;
				GCC_WARN_UNUSED_FUNCTION = YES;
				GCC_WARN_UNUSED_VARIABLE = YES;
				IPHONEOS_DEPLOYMENT_TARGET = 9.3;
				MTL_ENABLE_DEBUG_INFO = YES;
				ONLY_ACTIVE_ARCH = YES;
				SDKROOT = iphoneos;
				TARGETED_DEVICE_FAMILY = "1,2";
			};
			name = Debug;
		};
		77FEE4201CC9C13E0079363C /* Release */ = {
			isa = XCBuildConfiguration;
			buildSettings = {
				ALWAYS_SEARCH_USER_PATHS = NO;
				CLANG_ANALYZER_NONNULL = YES;
				CLANG_CXX_LANGUAGE_STANDARD = "gnu++0x";
				CLANG_CXX_LIBRARY = "libc++";
				CLANG_ENABLE_MODULES = YES;
				CLANG_ENABLE_OBJC_ARC = YES;
				CLANG_WARN_BOOL_CONVERSION = YES;
				CLANG_WARN_CONSTANT_CONVERSION = YES;
				CLANG_WARN_DIRECT_OBJC_ISA_USAGE = YES_ERROR;
				CLANG_WARN_EMPTY_BODY = YES;
				CLANG_WARN_ENUM_CONVERSION = YES;
				CLANG_WARN_INT_CONVERSION = YES;
				CLANG_WARN_OBJC_ROOT_CLASS = YES_ERROR;
				CLANG_WARN_UNREACHABLE_CODE = YES;
				CLANG_WARN__DUPLICATE_METHOD_MATCH = YES;
				"CODE_SIGN_IDENTITY[sdk=iphoneos*]" = "iPhone Developer";
				COPY_PHASE_STRIP = NO;
				DEBUG_INFORMATION_FORMAT = "dwarf-with-dsym";
				ENABLE_NS_ASSERTIONS = NO;
				ENABLE_STRICT_OBJC_MSGSEND = YES;
				GCC_C_LANGUAGE_STANDARD = gnu99;
				GCC_NO_COMMON_BLOCKS = YES;
				GCC_WARN_64_TO_32_BIT_CONVERSION = YES;
				GCC_WARN_ABOUT_RETURN_TYPE = YES_ERROR;
				GCC_WARN_UNDECLARED_SELECTOR = YES;
				GCC_WARN_UNINITIALIZED_AUTOS = YES_AGGRESSIVE;
				GCC_WARN_UNUSED_FUNCTION = YES;
				GCC_WARN_UNUSED_VARIABLE = YES;
				IPHONEOS_DEPLOYMENT_TARGET = 9.3;
				MTL_ENABLE_DEBUG_INFO = NO;
				SDKROOT = iphoneos;
				TARGETED_DEVICE_FAMILY = "1,2";
				VALIDATE_PRODUCT = YES;
			};
			name = Release;
		};
		77FEE4221CC9C13E0079363C /* Debug */ = {
			isa = XCBuildConfiguration;
			baseConfigurationReference = 05261EB72D4496D4A836AC76 /* Pods.debug.xcconfig */;
			buildSettings = {
				ASSETCATALOG_COMPILER_APPICON_NAME = AppIcon;
				INFOPLIST_FILE = CircleBannerView/Info.plist;
				LD_RUNPATH_SEARCH_PATHS = "$(inherited) @executable_path/Frameworks";
				PRODUCT_BUNDLE_IDENTIFIER = com.liu.CircleBannerView;
				PRODUCT_NAME = "$(TARGET_NAME)";
			};
			name = Debug;
		};
		77FEE4231CC9C13E0079363C /* Release */ = {
			isa = XCBuildConfiguration;
			baseConfigurationReference = 2B56D525556A5D23A285A39A /* Pods.release.xcconfig */;
			buildSettings = {
				ASSETCATALOG_COMPILER_APPICON_NAME = AppIcon;
				INFOPLIST_FILE = CircleBannerView/Info.plist;
				LD_RUNPATH_SEARCH_PATHS = "$(inherited) @executable_path/Frameworks";
				PRODUCT_BUNDLE_IDENTIFIER = com.liu.CircleBannerView;
				PRODUCT_NAME = "$(TARGET_NAME)";
			};
			name = Release;
		};
		77FEE4251CC9C13E0079363C /* Debug */ = {
			isa = XCBuildConfiguration;
			buildSettings = {
				BUNDLE_LOADER = "$(TEST_HOST)";
				INFOPLIST_FILE = CircleBannerViewTests/Info.plist;
				LD_RUNPATH_SEARCH_PATHS = "$(inherited) @executable_path/Frameworks @loader_path/Frameworks";
				PRODUCT_BUNDLE_IDENTIFIER = com.liu.CircleBannerViewTests;
				PRODUCT_NAME = "$(TARGET_NAME)";
				TEST_HOST = "$(BUILT_PRODUCTS_DIR)/CircleBannerView.app/CircleBannerView";
			};
			name = Debug;
		};
		77FEE4261CC9C13E0079363C /* Release */ = {
			isa = XCBuildConfiguration;
			buildSettings = {
				BUNDLE_LOADER = "$(TEST_HOST)";
				INFOPLIST_FILE = CircleBannerViewTests/Info.plist;
				LD_RUNPATH_SEARCH_PATHS = "$(inherited) @executable_path/Frameworks @loader_path/Frameworks";
				PRODUCT_BUNDLE_IDENTIFIER = com.liu.CircleBannerViewTests;
				PRODUCT_NAME = "$(TARGET_NAME)";
				TEST_HOST = "$(BUILT_PRODUCTS_DIR)/CircleBannerView.app/CircleBannerView";
			};
			name = Release;
		};
/* End XCBuildConfiguration section */

/* Begin XCConfigurationList section */
		77FEE3FA1CC9C13D0079363C /* Build configuration list for PBXProject "CircleBannerView" */ = {
			isa = XCConfigurationList;
			buildConfigurations = (
				77FEE41F1CC9C13E0079363C /* Debug */,
				77FEE4201CC9C13E0079363C /* Release */,
			);
			defaultConfigurationIsVisible = 0;
			defaultConfigurationName = Release;
		};
		77FEE4211CC9C13E0079363C /* Build configuration list for PBXNativeTarget "CircleBannerView" */ = {
			isa = XCConfigurationList;
			buildConfigurations = (
				77FEE4221CC9C13E0079363C /* Debug */,
				77FEE4231CC9C13E0079363C /* Release */,
			);
			defaultConfigurationIsVisible = 0;
			defaultConfigurationName = Release;
		};
		77FEE4241CC9C13E0079363C /* Build configuration list for PBXNativeTarget "CircleBannerViewTests" */ = {
			isa = XCConfigurationList;
			buildConfigurations = (
				77FEE4251CC9C13E0079363C /* Debug */,
				77FEE4261CC9C13E0079363C /* Release */,
			);
			defaultConfigurationIsVisible = 0;
			defaultConfigurationName = Release;
		};
/* End XCConfigurationList section */
	};
	rootObject = 77FEE3F71CC9C13D0079363C /* Project object */;
}
